{
	"name": "prism",
	"version": "1.2.0",
	"lockfileVersion": 2,
	"requires": true,
	"packages": {
		"": {
			"name": "prism",
			"version": "1.2.0",
			"license": "MIT",
			"devDependencies": {
				"@types/node": "16.x",
				"json5": "^2.2.3"
			},
			"engines": {
				"vscode": "^1.30.0"
			}
		},
		"node_modules/@types/node": {
			"version": "16.18.40",
			"resolved": "https://registry.npmjs.org/@types/node/-/node-16.18.40.tgz",
			"integrity": "sha512-+yno3ItTEwGxXiS/75Q/aHaa5srkpnJaH+kdkTVJ3DtJEwv92itpKbxU+FjPoh2m/5G9zmUQfrL4A4C13c+iGA==",
			"dev": true
		},
		"node_modules/json5": {
			"version": "2.2.3",
			"resolved": "https://registry.npmjs.org/json5/-/json5-2.2.3.tgz",
			"integrity": "sha512-XmOWe7eyHYH14cLdVPoyg+GOH3rYX++KpzrylJwSW98t3Nk+U8XOl8FWKOgwtzdb8lXGf6zYwDUzeHMWfxasyg==",
			"dev": true,
			"bin": {
				"json5": "lib/cli.js"
			},
			"engines": {
				"node": ">=6"
			}
		}
	},
	"dependencies": {
		"@types/node": {
			"version": "16.18.40",
			"resolved": "https://registry.npmjs.org/@types/node/-/node-16.18.40.tgz",
			"integrity": "sha512-+yno3ItTEwGxXiS/75Q/aHaa5srkpnJaH+kdkTVJ3DtJEwv92itpKbxU+FjPoh2m/5G9zmUQfrL4A4C13c+iGA==",
			"dev": true
		},
		"json5": {
			"version": "2.2.3",
			"resolved": "https://registry.npmjs.org/json5/-/json5-2.2.3.tgz",
			"integrity": "sha512-XmOWe7eyHYH14cLdVPoyg+GOH3rYX++KpzrylJwSW98t3Nk+U8XOl8FWKOgwtzdb8lXGf6zYwDUzeHMWfxasyg==",
			"dev": true
		}
	}
}
