{
	"name": "prism",
	"version": "1.0.5",
	"lockfileVersion": 2,
	"requires": true,
	"packages": {
		"": {
			"name": "prism",
			"version": "1.0.5",
			"license": "MIT",
			"devDependencies": {
				"@types/node": "^14.17.4",
				"json5": "^2.2.0"
			},
			"engines": {
				"vscode": "^1.30.0"
			}
		},
		"node_modules/@types/node": {
			"version": "14.17.4",
			"resolved": "https://registry.npmjs.org/@types/node/-/node-14.17.4.tgz",
			"integrity": "sha512-8kQ3+wKGRNN0ghtEn7EGps/B8CzuBz1nXZEIGGLP2GnwbqYn4dbTs7k+VKLTq1HvZLRCIDtN3Snx1Ege8B7L5A==",
			"dev": true
		},
		"node_modules/json5": {
			"version": "2.2.0",
			"resolved": "https://registry.npmjs.org/json5/-/json5-2.2.0.tgz",
			"integrity": "sha512-f+8cldu7X/y7RAJurMEJmdoKXGB/X550w2Nr3tTbezL6RwEE/iMcm+tZnXeoZtKuOq6ft8+CqzEkrIgx1fPoQA==",
			"dev": true,
			"dependencies": {
				"minimist": "^1.2.5"
			},
			"bin": {
				"json5": "lib/cli.js"
			},
			"engines": {
				"node": ">=6"
			}
		},
		"node_modules/minimist": {
			"version": "1.2.5",
			"resolved": "https://registry.npmjs.org/minimist/-/minimist-1.2.5.tgz",
			"integrity": "sha512-FM9nNUYrRBAELZQT3xeZQ7fmMOBg6nWNmJKTcgsJeaLstP/UODVpGsr5OhXhhXg6f+qtJ8uiZ+PUxkDWcgIXLw==",
			"dev": true
		}
	},
	"dependencies": {
		"@types/node": {
			"version": "14.17.4",
			"resolved": "https://registry.npmjs.org/@types/node/-/node-14.17.4.tgz",
			"integrity": "sha512-8kQ3+wKGRNN0ghtEn7EGps/B8CzuBz1nXZEIGGLP2GnwbqYn4dbTs7k+VKLTq1HvZLRCIDtN3Snx1Ege8B7L5A==",
			"dev": true
		},
		"json5": {
			"version": "2.2.0",
			"resolved": "https://registry.npmjs.org/json5/-/json5-2.2.0.tgz",
			"integrity": "sha512-f+8cldu7X/y7RAJurMEJmdoKXGB/X550w2Nr3tTbezL6RwEE/iMcm+tZnXeoZtKuOq6ft8+CqzEkrIgx1fPoQA==",
			"dev": true,
			"requires": {
				"minimist": "^1.2.5"
			}
		},
		"minimist": {
			"version": "1.2.5",
			"resolved": "https://registry.npmjs.org/minimist/-/minimist-1.2.5.tgz",
			"integrity": "sha512-FM9nNUYrRBAELZQT3xeZQ7fmMOBg6nWNmJKTcgsJeaLstP/UODVpGsr5OhXhhXg6f+qtJ8uiZ+PUxkDWcgIXLw==",
			"dev": true
		}
	}
}
